// !$*UTF8*$!
{
	archiveVersion = 1;
	classes = {
	};
	objectVersion = 48;
	objects = {

/* Begin PBXBuildFile section */
		74B9CD3F201ECA8D001ABA7C /* AppDelegate.swift in Sources */ = {isa = PBXBuildFile; fileRef = 74B9CD3E201ECA8D001ABA7C /* AppDelegate.swift */; };
		74B9CD41201ECA8D001ABA7C /* ViewController.swift in Sources */ = {isa = PBXBuildFile; fileRef = 74B9CD40201ECA8D001ABA7C /* ViewController.swift */; };
		74B9CD44201ECA8D001ABA7C /* Main.storyboard in Resources */ = {isa = PBXBuildFile; fileRef = 74B9CD42201ECA8D001ABA7C /* Main.storyboard */; };
		74B9CD46201ECA8D001ABA7C /* Assets.xcassets in Resources */ = {isa = PBXBuildFile; fileRef = 74B9CD45201ECA8D001ABA7C /* Assets.xcassets */; };
		74B9CD49201ECA8D001ABA7C /* LaunchScreen.storyboard in Resources */ = {isa = PBXBuildFile; fileRef = 74B9CD47201ECA8D001ABA7C /* LaunchScreen.storyboard */; };
		74B9CD54201ECA8D001ABA7C /* MySwiftAppTests.swift in Sources */ = {isa = PBXBuildFile; fileRef = 74B9CD53201ECA8D001ABA7C /* MySwiftAppTests.swift */; };
		74B9CD5F201ECA8D001ABA7C /* MySwiftAppUITests.swift in Sources */ = {isa = PBXBuildFile; fileRef = 74B9CD5E201ECA8D001ABA7C /* MySwiftAppUITests.swift */; };
/* End PBXBuildFile section */

/* Begin PBXContainerItemProxy section */
		74B9CD50201ECA8D001ABA7C /* PBXContainerItemProxy */ = {
			isa = PBXContainerItemProxy;
			containerPortal = 74B9CD33201ECA8D001ABA7C /* Project object */;
			proxyType = 1;
			remoteGlobalIDString = 74B9CD3A201ECA8D001ABA7C;
			remoteInfo = MySwiftApp;
		};
		74B9CD5B201ECA8D001ABA7C /* PBXContainerItemProxy */ = {
			isa = PBXContainerItemProxy;
			containerPortal = 74B9CD33201ECA8D001ABA7C /* Project object */;
			proxyType = 1;
			remoteGlobalIDString = 74B9CD3A201ECA8D001ABA7C;
			remoteInfo = MySwiftApp;
		};
/* End PBXContainerItemProxy section */

/* Begin PBXFileReference section */
		74B9CD3B201ECA8D001ABA7C /* MySwiftApp.app */ = {isa = PBXFileReference; explicitFileType = wrapper.application; includeInIndex = 0; path = MySwiftApp.app; sourceTree = BUILT_PRODUCTS_DIR; };
		74B9CD3E201ECA8D001ABA7C /* AppDelegate.swift */ = {isa = PBXFileReference; lastKnownFileType = sourcecode.swift; path = AppDelegate.swift; sourceTree = "<group>"; };
		74B9CD40201ECA8D001ABA7C /* ViewController.swift */ = {isa = PBXFileReference; lastKnownFileType = sourcecode.swift; path = ViewController.swift; sourceTree = "<group>"; };
		74B9CD43201ECA8D001ABA7C /* Base */ = {isa = PBXFileReference; lastKnownFileType = file.storyboard; name = Base; path = Base.lproj/Main.storyboard; sourceTree = "<group>"; };
		74B9CD45201ECA8D001ABA7C /* Assets.xcassets */ = {isa = PBXFileReference; lastKnownFileType = folder.assetcatalog; path = Assets.xcassets; sourceTree = "<group>"; };
		74B9CD48201ECA8D001ABA7C /* Base */ = {isa = PBXFileReference; lastKnownFileType = file.storyboard; name = Base; path = Base.lproj/LaunchScreen.storyboard; sourceTree = "<group>"; };
		74B9CD4A201ECA8D001ABA7C /* Info.plist */ = {isa = PBXFileReference; lastKnownFileType = text.plist.xml; path = Info.plist; sourceTree = "<group>"; };
		74B9CD4F201ECA8D001ABA7C /* MySwiftAppTests.xctest */ = {isa = PBXFileReference; explicitFileType = wrapper.cfbundle; includeInIndex = 0; path = MySwiftAppTests.xctest; sourceTree = BUILT_PRODUCTS_DIR; };
		74B9CD53201ECA8D001ABA7C /* MySwiftAppTests.swift */ = {isa = PBXFileReference; lastKnownFileType = sourcecode.swift; path = MySwiftAppTests.swift; sourceTree = "<group>"; };
		74B9CD55201ECA8D001ABA7C /* Info.plist */ = {isa = PBXFileReference; lastKnownFileType = text.plist.xml; path = Info.plist; sourceTree = "<group>"; };
		74B9CD5A201ECA8D001ABA7C /* MySwiftAppUITests.xctest */ = {isa = PBXFileReference; explicitFileType = wrapper.cfbundle; includeInIndex = 0; path = MySwiftAppUITests.xctest; sourceTree = BUILT_PRODUCTS_DIR; };
		74B9CD5E201ECA8D001ABA7C /* MySwiftAppUITests.swift */ = {isa = PBXFileReference; lastKnownFileType = sourcecode.swift; path = MySwiftAppUITests.swift; sourceTree = "<group>"; };
		74B9CD60201ECA8D001ABA7C /* Info.plist */ = {isa = PBXFileReference; lastKnownFileType = text.plist.xml; path = Info.plist; sourceTree = "<group>"; };
/* End PBXFileReference section */

/* Begin PBXFrameworksBuildPhase section */
		74B9CD38201ECA8D001ABA7C /* Frameworks */ = {
			isa = PBXFrameworksBuildPhase;
			buildActionMask = 2147483647;
			files = (
			);
			runOnlyForDeploymentPostprocessing = 0;
		};
		74B9CD4C201ECA8D001ABA7C /* Frameworks */ = {
			isa = PBXFrameworksBuildPhase;
			buildActionMask = 2147483647;
			files = (
			);
			runOnlyForDeploymentPostprocessing = 0;
		};
		74B9CD57201ECA8D001ABA7C /* Frameworks */ = {
			isa = PBXFrameworksBuildPhase;
			buildActionMask = 2147483647;
			files = (
			);
			runOnlyForDeploymentPostprocessing = 0;
		};
/* End PBXFrameworksBuildPhase section */

/* Begin PBXGroup section */
		74B9CD32201ECA8D001ABA7C = {
			isa = PBXGroup;
			children = (
				74B9CD3D201ECA8D001ABA7C /* MySwiftApp */,
				74B9CD52201ECA8D001ABA7C /* MySwiftAppTests */,
				74B9CD5D201ECA8D001ABA7C /* MySwiftAppUITests */,
				74B9CD3C201ECA8D001ABA7C /* Products */,
			);
			sourceTree = "<group>";
		};
		74B9CD3C201ECA8D001ABA7C /* Products */ = {
			isa = PBXGroup;
			children = (
				74B9CD3B201ECA8D001ABA7C /* MySwiftApp.app */,
				74B9CD4F201ECA8D001ABA7C /* MySwiftAppTests.xctest */,
				74B9CD5A201ECA8D001ABA7C /* MySwiftAppUITests.xctest */,
			);
			name = Products;
			sourceTree = "<group>";
		};
		74B9CD3D201ECA8D001ABA7C /* MySwiftApp */ = {
			isa = PBXGroup;
			children = (
				74B9CD3E201ECA8D001ABA7C /* AppDelegate.swift */,
				74B9CD40201ECA8D001ABA7C /* ViewController.swift */,
				74B9CD42201ECA8D001ABA7C /* Main.storyboard */,
				74B9CD45201ECA8D001ABA7C /* Assets.xcassets */,
				74B9CD47201ECA8D001ABA7C /* LaunchScreen.storyboard */,
				74B9CD4A201ECA8D001ABA7C /* Info.plist */,
			);
			path = MySwiftApp;
			sourceTree = "<group>";
		};
		74B9CD52201ECA8D001ABA7C /* MySwiftAppTests */ = {
			isa = PBXGroup;
			children = (
				74B9CD53201ECA8D001ABA7C /* MySwiftAppTests.swift */,
				74B9CD55201ECA8D001ABA7C /* Info.plist */,
			);
			path = MySwiftAppTests;
			sourceTree = "<group>";
		};
		74B9CD5D201ECA8D001ABA7C /* MySwiftAppUITests */ = {
			isa = PBXGroup;
			children = (
				74B9CD5E201ECA8D001ABA7C /* MySwiftAppUITests.swift */,
				74B9CD60201ECA8D001ABA7C /* Info.plist */,
			);
			path = MySwiftAppUITests;
			sourceTree = "<group>";
		};
/* End PBXGroup section */

/* Begin PBXNativeTarget section */
		74B9CD3A201ECA8D001ABA7C /* MySwiftApp */ = {
			isa = PBXNativeTarget;
			buildConfigurationList = 74B9CD63201ECA8D001ABA7C /* Build configuration list for PBXNativeTarget "MySwiftApp" */;
			buildPhases = (
				74B9CD37201ECA8D001ABA7C /* Sources */,
				74B9CD38201ECA8D001ABA7C /* Frameworks */,
				74B9CD39201ECA8D001ABA7C /* Resources */,
			);
			buildRules = (
			);
			dependencies = (
			);
			name = MySwiftApp;
			productName = MySwiftApp;
			productReference = 74B9CD3B201ECA8D001ABA7C /* MySwiftApp.app */;
			productType = "com.apple.product-type.application";
		};
		74B9CD4E201ECA8D001ABA7C /* MySwiftAppTests */ = {
			isa = PBXNativeTarget;
			buildConfigurationList = 74B9CD66201ECA8D001ABA7C /* Build configuration list for PBXNativeTarget "MySwiftAppTests" */;
			buildPhases = (
				74B9CD4B201ECA8D001ABA7C /* Sources */,
				74B9CD4C201ECA8D001ABA7C /* Frameworks */,
				74B9CD4D201ECA8D001ABA7C /* Resources */,
			);
			buildRules = (
			);
			dependencies = (
				74B9CD51201ECA8D001ABA7C /* PBXTargetDependency */,
			);
			name = MySwiftAppTests;
			productName = MySwiftAppTests;
			productReference = 74B9CD4F201ECA8D001ABA7C /* MySwiftAppTests.xctest */;
			productType = "com.apple.product-type.bundle.unit-test";
		};
		74B9CD59201ECA8D001ABA7C /* MySwiftAppUITests */ = {
			isa = PBXNativeTarget;
			buildConfigurationList = 74B9CD69201ECA8D001ABA7C /* Build configuration list for PBXNativeTarget "MySwiftAppUITests" */;
			buildPhases = (
				74B9CD56201ECA8D001ABA7C /* Sources */,
				74B9CD57201ECA8D001ABA7C /* Frameworks */,
				74B9CD58201ECA8D001ABA7C /* Resources */,
			);
			buildRules = (
			);
			dependencies = (
				74B9CD5C201ECA8D001ABA7C /* PBXTargetDependency */,
			);
			name = MySwiftAppUITests;
			productName = MySwiftAppUITests;
			productReference = 74B9CD5A201ECA8D001ABA7C /* MySwiftAppUITests.xctest */;
			productType = "com.apple.product-type.bundle.ui-testing";
		};
/* End PBXNativeTarget section */

/* Begin PBXProject section */
		74B9CD33201ECA8D001ABA7C /* Project object */ = {
			isa = PBXProject;
			attributes = {
				LastSwiftUpdateCheck = 0920;
				LastUpgradeCheck = 0920;
				ORGANIZATIONNAME = "郑超华";
				TargetAttributes = {
					74B9CD3A201ECA8D001ABA7C = {
						CreatedOnToolsVersion = 9.2;
						ProvisioningStyle = Automatic;
					};
					74B9CD4E201ECA8D001ABA7C = {
						CreatedOnToolsVersion = 9.2;
						ProvisioningStyle = Automatic;
						TestTargetID = 74B9CD3A201ECA8D001ABA7C;
					};
					74B9CD59201ECA8D001ABA7C = {
						CreatedOnToolsVersion = 9.2;
						ProvisioningStyle = Automatic;
						TestTargetID = 74B9CD3A201ECA8D001ABA7C;
					};
				};
			};
			buildConfigurationList = 74B9CD36201ECA8D001ABA7C /* Build configuration list for PBXProject "MySwiftApp" */;
			compatibilityVersion = "Xcode 8.0";
			developmentRegion = en;
			hasScannedForEncodings = 0;
			knownRegions = (
				en,
				Base,
			);
			mainGroup = 74B9CD32201ECA8D001ABA7C;
			productRefGroup = 74B9CD3C201ECA8D001ABA7C /* Products */;
			projectDirPath = "";
			projectRoot = "";
			targets = (
				74B9CD3A201ECA8D001ABA7C /* MySwiftApp */,
				74B9CD4E201ECA8D001ABA7C /* MySwiftAppTests */,
				74B9CD59201ECA8D001ABA7C /* MySwiftAppUITests */,
			);
		};
/* End PBXProject section */

/* Begin PBXResourcesBuildPhase section */
		74B9CD39201ECA8D001ABA7C /* Resources */ = {
			isa = PBXResourcesBuildPhase;
			buildActionMask = 2147483647;
			files = (
				74B9CD49201ECA8D001ABA7C /* LaunchScreen.storyboard in Resources */,
				74B9CD46201ECA8D001ABA7C /* Assets.xcassets in Resources */,
				74B9CD44201ECA8D001ABA7C /* Main.storyboard in Resources */,
			);
			runOnlyForDeploymentPostprocessing = 0;
		};
		74B9CD4D201ECA8D001ABA7C /* Resources */ = {
			isa = PBXResourcesBuildPhase;
			buildActionMask = 2147483647;
			files = (
			);
			runOnlyForDeploymentPostprocessing = 0;
		};
		74B9CD58201ECA8D001ABA7C /* Resources */ = {
			isa = PBXResourcesBuildPhase;
			buildActionMask = 2147483647;
			files = (
			);
			runOnlyForDeploymentPostprocessing = 0;
		};
/* End PBXResourcesBuildPhase section */

/* Begin PBXSourcesBuildPhase section */
		74B9CD37201ECA8D001ABA7C /* Sources */ = {
			isa = PBXSourcesBuildPhase;
			buildActionMask = 2147483647;
			files = (
				74B9CD41201ECA8D001ABA7C /* ViewController.swift in Sources */,
				74B9CD3F201ECA8D001ABA7C /* AppDelegate.swift in Sources */,
			);
			runOnlyForDeploymentPostprocessing = 0;
		};
		74B9CD4B201ECA8D001ABA7C /* Sources */ = {
			isa = PBXSourcesBuildPhase;
			buildActionMask = 2147483647;
			files = (
				74B9CD54201ECA8D001ABA7C /* MySwiftAppTests.swift in Sources */,
			);
			runOnlyForDeploymentPostprocessing = 0;
		};
		74B9CD56201ECA8D001ABA7C /* Sources */ = {
			isa = PBXSourcesBuildPhase;
			buildActionMask = 2147483647;
			files = (
				74B9CD5F201ECA8D001ABA7C /* MySwiftAppUITests.swift in Sources */,
			);
			runOnlyForDeploymentPostprocessing = 0;
		};
/* End PBXSourcesBuildPhase section */

/* Begin PBXTargetDependency section */
		74B9CD51201ECA8D001ABA7C /* PBXTargetDependency */ = {
			isa = PBXTargetDependency;
			target = 74B9CD3A201ECA8D001ABA7C /* MySwiftApp */;
			targetProxy = 74B9CD50201ECA8D001ABA7C /* PBXContainerItemProxy */;
		};
		74B9CD5C201ECA8D001ABA7C /* PBXTargetDependency */ = {
			isa = PBXTargetDependency;
			target = 74B9CD3A201ECA8D001ABA7C /* MySwiftApp */;
			targetProxy = 74B9CD5B201ECA8D001ABA7C /* PBXContainerItemProxy */;
		};
/* End PBXTargetDependency section */

/* Begin PBXVariantGroup section */
		74B9CD42201ECA8D001ABA7C /* Main.storyboard */ = {
			isa = PBXVariantGroup;
			children = (
				74B9CD43201ECA8D001ABA7C /* Base */,
			);
			name = Main.storyboard;
			sourceTree = "<group>";
		};
		74B9CD47201ECA8D001ABA7C /* LaunchScreen.storyboard */ = {
			isa = PBXVariantGroup;
			children = (
				74B9CD48201ECA8D001ABA7C /* Base */,
			);
			name = LaunchScreen.storyboard;
			sourceTree = "<group>";
		};
/* End PBXVariantGroup section */

/* Begin XCBuildConfiguration section */
		74B9CD61201ECA8D001ABA7C /* Debug */ = {
			isa = XCBuildConfiguration;
			buildSettings = {
				ALWAYS_SEARCH_USER_PATHS = NO;
				CLANG_ANALYZER_NONNULL = YES;
				CLANG_ANALYZER_NUMBER_OBJECT_CONVERSION = YES_AGGRESSIVE;
				CLANG_CXX_LANGUAGE_STANDARD = "gnu++14";
				CLANG_CXX_LIBRARY = "libc++";
				CLANG_ENABLE_MODULES = YES;
				CLANG_ENABLE_OBJC_ARC = YES;
				CLANG_WARN_BLOCK_CAPTURE_AUTORELEASING = YES;
				CLANG_WARN_BOOL_CONVERSION = YES;
				CLANG_WARN_COMMA = YES;
				CLANG_WARN_CONSTANT_CONVERSION = YES;
				CLANG_WARN_DIRECT_OBJC_ISA_USAGE = YES_ERROR;
				CLANG_WARN_DOCUMENTATION_COMMENTS = YES;
				CLANG_WARN_EMPTY_BODY = YES;
				CLANG_WARN_ENUM_CONVERSION = YES;
				CLANG_WARN_INFINITE_RECURSION = YES;
				CLANG_WARN_INT_CONVERSION = YES;
				CLANG_WARN_NON_LITERAL_NULL_CONVERSION = YES;
				CLANG_WARN_OBJC_LITERAL_CONVERSION = YES;
				CLANG_WARN_OBJC_ROOT_CLASS = YES_ERROR;
				CLANG_WARN_RANGE_LOOP_ANALYSIS = YES;
				CLANG_WARN_STRICT_PROTOTYPES = YES;
				CLANG_WARN_SUSPICIOUS_MOVE = YES;
				CLANG_WARN_UNGUARDED_AVAILABILITY = YES_AGGRESSIVE;
				CLANG_WARN_UNREACHABLE_CODE = YES;
				CLANG_WARN__DUPLICATE_METHOD_MATCH = YES;
				CODE_SIGN_IDENTITY = "iPhone Developer";
				COPY_PHASE_STRIP = NO;
				DEBUG_INFORMATION_FORMAT = dwarf;
				ENABLE_STRICT_OBJC_MSGSEND = YES;
				ENABLE_TESTABILITY = YES;
				GCC_C_LANGUAGE_STANDARD = gnu11;
				GCC_DYNAMIC_NO_PIC = NO;
				GCC_NO_COMMON_BLOCKS = YES;
				GCC_OPTIMIZATION_LEVEL = 0;
				GCC_PREPROCESSOR_DEFINITIONS = (
					"DEBUG=1",
					"$(inherited)",
				);
				GCC_WARN_64_TO_32_BIT_CONVERSION = YES;
				GCC_WARN_ABOUT_RETURN_TYPE = YES_ERROR;
				GCC_WARN_UNDECLARED_SELECTOR = YES;
				GCC_WARN_UNINITIALIZED_AUTOS = YES_AGGRESSIVE;
				GCC_WARN_UNUSED_FUNCTION = YES;
				GCC_WARN_UNUSED_VARIABLE = YES;
				IPHONEOS_DEPLOYMENT_TARGET = 11.2;
				MTL_ENABLE_DEBUG_INFO = YES;
				ONLY_ACTIVE_ARCH = YES;
				SDKROOT = iphoneos;
				SWIFT_ACTIVE_COMPILATION_CONDITIONS = DEBUG;
				SWIFT_OPTIMIZATION_LEVEL = "-Onone";
			};
			name = Debug;
		};
		74B9CD62201ECA8D001ABA7C /* Release */ = {
			isa = XCBuildConfiguration;
			buildSettings = {
				ALWAYS_SEARCH_USER_PATHS = NO;
				CLANG_ANALYZER_NONNULL = YES;
				CLANG_ANALYZER_NUMBER_OBJECT_CONVERSION = YES_AGGRESSIVE;
				CLANG_CXX_LANGUAGE_STANDARD = "gnu++14";
				CLANG_CXX_LIBRARY = "libc++";
				CLANG_ENABLE_MODULES = YES;
				CLANG_ENABLE_OBJC_ARC = YES;
				CLANG_WARN_BLOCK_CAPTURE_AUTORELEASING = YES;
				CLANG_WARN_BOOL_CONVERSION = YES;
				CLANG_WARN_COMMA = YES;
				CLANG_WARN_CONSTANT_CONVERSION = YES;
				CLANG_WARN_DIRECT_OBJC_ISA_USAGE = YES_ERROR;
				CLANG_WARN_DOCUMENTATION_COMMENTS = YES;
				CLANG_WARN_EMPTY_BODY = YES;
				CLANG_WARN_ENUM_CONVERSION = YES;
				CLANG_WARN_INFINITE_RECURSION = YES;
				CLANG_WARN_INT_CONVERSION = YES;
				CLANG_WARN_NON_LITERAL_NULL_CONVERSION = YES;
				CLANG_WARN_OBJC_LITERAL_CONVERSION = YES;
				CLANG_WARN_OBJC_ROOT_CLASS = YES_ERROR;
				CLANG_WARN_RANGE_LOOP_ANALYSIS = YES;
				CLANG_WARN_STRICT_PROTOTYPES = YES;
				CLANG_WARN_SUSPICIOUS_MOVE = YES;
				CLANG_WARN_UNGUARDED_AVAILABILITY = YES_AGGRESSIVE;
				CLANG_WARN_UNREACHABLE_CODE = YES;
				CLANG_WARN__DUPLICATE_METHOD_MATCH = YES;
				CODE_SIGN_IDENTITY = "iPhone Developer";
				COPY_PHASE_STRIP = NO;
				DEBUG_INFORMATION_FORMAT = "dwarf-with-dsym";
				ENABLE_NS_ASSERTIONS = NO;
				ENABLE_STRICT_OBJC_MSGSEND = YES;
				GCC_C_LANGUAGE_STANDARD = gnu11;
				GCC_NO_COMMON_BLOCKS = YES;
				GCC_WARN_64_TO_32_BIT_CONVERSION = YES;
				GCC_WARN_ABOUT_RETURN_TYPE = YES_ERROR;
				GCC_WARN_UNDECLARED_SELECTOR = YES;
				GCC_WARN_UNINITIALIZED_AUTOS = YES_AGGRESSIVE;
				GCC_WARN_UNUSED_FUNCTION = YES;
				GCC_WARN_UNUSED_VARIABLE = YES;
				IPHONEOS_DEPLOYMENT_TARGET = 11.2;
				MTL_ENABLE_DEBUG_INFO = NO;
				SDKROOT = iphoneos;
				SWIFT_OPTIMIZATION_LEVEL = "-Owholemodule";
				VALIDATE_PRODUCT = YES;
			};
			name = Release;
		};
		74B9CD64201ECA8D001ABA7C /* Debug */ = {
			isa = XCBuildConfiguration;
			buildSettings = {
				ASSETCATALOG_COMPILER_APPICON_NAME = AppIcon;
				CODE_SIGN_STYLE = Automatic;
				DEVELOPMENT_TEAM = M5XU2EH3CD;
				INFOPLIST_FILE = MySwiftApp/Info.plist;
				LD_RUNPATH_SEARCH_PATHS = "$(inherited) @executable_path/Frameworks";
				PRODUCT_BUNDLE_IDENTIFIER = com.littleBit.com.MySwiftApp;
				PRODUCT_NAME = "$(TARGET_NAME)";
				SWIFT_VERSION = 4.0;
				TARGETED_DEVICE_FAMILY = "1,2";
			};
			name = Debug;
		};
		74B9CD65201ECA8D001ABA7C /* Release */ = {
			isa = XCBuildConfiguration;
			buildSettings = {
				ASSETCATALOG_COMPILER_APPICON_NAME = AppIcon;
				CODE_SIGN_STYLE = Automatic;
				DEVELOPMENT_TEAM = M5XU2EH3CD;
				INFOPLIST_FILE = MySwiftApp/Info.plist;
				LD_RUNPATH_SEARCH_PATHS = "$(inherited) @executable_path/Frameworks";
				PRODUCT_BUNDLE_IDENTIFIER = com.littleBit.com.MySwiftApp;
				PRODUCT_NAME = "$(TARGET_NAME)";
				SWIFT_VERSION = 4.0;
				TARGETED_DEVICE_FAMILY = "1,2";
			};
			name = Release;
		};
		74B9CD67201ECA8D001ABA7C /* Debug */ = {
			isa = XCBuildConfiguration;
			buildSettings = {
				ALWAYS_EMBED_SWIFT_STANDARD_LIBRARIES = YES;
				BUNDLE_LOADER = "$(TEST_HOST)";
				CODE_SIGN_STYLE = Automatic;
				DEVELOPMENT_TEAM = M5XU2EH3CD;
				INFOPLIST_FILE = MySwiftAppTests/Info.plist;
				LD_RUNPATH_SEARCH_PATHS = "$(inherited) @executable_path/Frameworks @loader_path/Frameworks";
				PRODUCT_BUNDLE_IDENTIFIER = com.littleBit.com.MySwiftAppTests;
				PRODUCT_NAME = "$(TARGET_NAME)";
				SWIFT_VERSION = 4.0;
				TARGETED_DEVICE_FAMILY = "1,2";
				TEST_HOST = "$(BUILT_PRODUCTS_DIR)/MySwiftApp.app/MySwiftApp";
			};
			name = Debug;
		};
		74B9CD68201ECA8D001ABA7C /* Release */ = {
			isa = XCBuildConfiguration;
			buildSettings = {
				ALWAYS_EMBED_SWIFT_STANDARD_LIBRARIES = YES;
				BUNDLE_LOADER = "$(TEST_HOST)";
				CODE_SIGN_STYLE = Automatic;
				DEVELOPMENT_TEAM = M5XU2EH3CD;
				INFOPLIST_FILE = MySwiftAppTests/Info.plist;
				LD_RUNPATH_SEARCH_PATHS = "$(inherited) @executable_path/Frameworks @loader_path/Frameworks";
				PRODUCT_BUNDLE_IDENTIFIER = com.littleBit.com.MySwiftAppTests;
				PRODUCT_NAME = "$(TARGET_NAME)";
				SWIFT_VERSION = 4.0;
				TARGETED_DEVICE_FAMILY = "1,2";
				TEST_HOST = "$(BUILT_PRODUCTS_DIR)/MySwiftApp.app/MySwiftApp";
			};
			name = Release;
		};
		74B9CD6A201ECA8D001ABA7C /* Debug */ = {
			isa = XCBuildConfiguration;
			buildSettings = {
				ALWAYS_EMBED_SWIFT_STANDARD_LIBRARIES = YES;
				CODE_SIGN_STYLE = Automatic;
				DEVELOPMENT_TEAM = M5XU2EH3CD;
				INFOPLIST_FILE = MySwiftAppUITests/Info.plist;
				LD_RUNPATH_SEARCH_PATHS = "$(inherited) @executable_path/Frameworks @loader_path/Frameworks";
				PRODUCT_BUNDLE_IDENTIFIER = com.littleBit.com.MySwiftAppUITests;
				PRODUCT_NAME = "$(TARGET_NAME)";
				SWIFT_VERSION = 4.0;
				TARGETED_DEVICE_FAMILY = "1,2";
				TEST_TARGET_NAME = MySwiftApp;
			};
			name = Debug;
		};
		74B9CD6B201ECA8D001ABA7C /* Release */ = {
			isa = XCBuildConfiguration;
			buildSettings = {
				ALWAYS_EMBED_SWIFT_STANDARD_LIBRARIES = YES;
				CODE_SIGN_STYLE = Automatic;
				DEVELOPMENT_TEAM = M5XU2EH3CD;
				INFOPLIST_FILE = MySwiftAppUITests/Info.plist;
				LD_RUNPATH_SEARCH_PATHS = "$(inherited) @executable_path/Frameworks @loader_path/Frameworks";
				PRODUCT_BUNDLE_IDENTIFIER = com.littleBit.com.MySwiftAppUITests;
				PRODUCT_NAME = "$(TARGET_NAME)";
				SWIFT_VERSION = 4.0;
				TARGETED_DEVICE_FAMILY = "1,2";
				TEST_TARGET_NAME = MySwiftApp;
			};
			name = Release;
		};
/* End XCBuildConfiguration section */

/* Begin XCConfigurationList section */
		74B9CD36201ECA8D001ABA7C /* Build configuration list for PBXProject "MySwiftApp" */ = {
			isa = XCConfigurationList;
			buildConfigurations = (
				74B9CD61201ECA8D001ABA7C /* Debug */,
				74B9CD62201ECA8D001ABA7C /* Release */,
			);
			defaultConfigurationIsVisible = 0;
			defaultConfigurationName = Release;
		};
		74B9CD63201ECA8D001ABA7C /* Build configuration list for PBXNativeTarget "MySwiftApp" */ = {
			isa = XCConfigurationList;
			buildConfigurations = (
				74B9CD64201ECA8D001ABA7C /* Debug */,
				74B9CD65201ECA8D001ABA7C /* Release */,
			);
			defaultConfigurationIsVisible = 0;
			defaultConfigurationName = Release;
		};
		74B9CD66201ECA8D001ABA7C /* Build configuration list for PBXNativeTarget "MySwiftAppTests" */ = {
			isa = XCConfigurationList;
			buildConfigurations = (
				74B9CD67201ECA8D001ABA7C /* Debug */,
				74B9CD68201ECA8D001ABA7C /* Release */,
			);
			defaultConfigurationIsVisible = 0;
			defaultConfigurationName = Release;
		};
		74B9CD69201ECA8D001ABA7C /* Build configuration list for PBXNativeTarget "MySwiftAppUITests" */ = {
			isa = XCConfigurationList;
			buildConfigurations = (
				74B9CD6A201ECA8D001ABA7C /* Debug */,
				74B9CD6B201ECA8D001ABA7C /* Release */,
			);
			defaultConfigurationIsVisible = 0;
			defaultConfigurationName = Release;
		};
/* End XCConfigurationList section */
	};
	rootObject = 74B9CD33201ECA8D001ABA7C /* Project object */;
}
